
Microsoft Visual Studio Solution File, Format Version 12.00
# Visual Studio Version 16
VisualStudioVersion = 16.0.30717.126
MinimumVisualStudioVersion = 10.0.40219.1
Project("{FAE04EC0-301F-11D3-BF4B-00C04F79EFBC}") = "PicsOfUs", "PicsOfUs\PicsOfUs.csproj", "{EBC014B3-59A9-4739-B325-C12F22FF4CFB}"
EndProject
Global
	GlobalSection(SolutionConfigurationPlatforms) = preSolution
		Debug|Any CPU = Debug|Any CPU
		Release|Any CPU = Release|Any CPU
	EndGlobalSection
	GlobalSection(ProjectConfigurationPlatforms) = postSolution
		{EBC014B3-59A9-4739-B325-C12F22FF4CFB}.Debug|Any CPU.ActiveCfg = Debug|Any CPU
		{EBC014B3-59A9-4739-B325-C12F22FF4CFB}.Debug|Any CPU.Build.0 = Debug|Any CPU
		{EBC014B3-59A9-4739-B325-C12F22FF4CFB}.Release|Any CPU.ActiveCfg = Release|Any CPU
		{EBC014B3-59A9-4739-B325-C12F22FF4CFB}.Release|Any CPU.Build.0 = Release|Any CPU
	EndGlobalSection
	GlobalSection(SolutionProperties) = preSolution
		HideSolutionNode = FALSE
	EndGlobalSection
	GlobalSection(ExtensibilityGlobals) = postSolution
		SolutionGuid = {A205904D-2EB0-4032-94D1-D769DA7057DE}
	EndGlobalSection
EndGlobal
